// !$*UTF8*$!
{
	archiveVersion = 1;
	classes = {
	};
	objectVersion = 56;
	objects = {

/* Begin PBXBuildFile section */
		0E0040102B83761100C5121A /* Colors.xcassets in Resources */ = {isa = PBXBuildFile; fileRef = 0E00400F2B83761100C5121A /* Colors.xcassets */; };
		0E0040162B837A3900C5121A /* Verdana-Bold.ttf in Resources */ = {isa = PBXBuildFile; fileRef = 0E0040122B837A3800C5121A /* Verdana-Bold.ttf */; };
		0E0040172B837A3900C5121A /* Verdana-BoldItalic.ttf in Resources */ = {isa = PBXBuildFile; fileRef = 0E0040132B837A3800C5121A /* Verdana-BoldItalic.ttf */; };
		0E0040182B837A3900C5121A /* Verdana.ttf in Resources */ = {isa = PBXBuildFile; fileRef = 0E0040142B837A3800C5121A /* Verdana.ttf */; };
		0E0040192B837A3900C5121A /* Verdana-Italic.ttf in Resources */ = {isa = PBXBuildFile; fileRef = 0E0040152B837A3800C5121A /* Verdana-Italic.ttf */; };
		0E00401B2B837BE500C5121A /* MainTabBarController.swift in Sources */ = {isa = PBXBuildFile; fileRef = 0E00401A2B837BE500C5121A /* MainTabBarController.swift */; };
		0E00401D2B83815900C5121A /* FeedViewController.swift in Sources */ = {isa = PBXBuildFile; fileRef = 0E00401C2B83815900C5121A /* FeedViewController.swift */; };
		0E00401F2B83818400C5121A /* NotificationViewController.swift in Sources */ = {isa = PBXBuildFile; fileRef = 0E00401E2B83818400C5121A /* NotificationViewController.swift */; };
		0E0040212B83DCE400C5121A /* Stories.swift in Sources */ = {isa = PBXBuildFile; fileRef = 0E0040202B83DCE400C5121A /* Stories.swift */; };
		0E0040232B83E33F00C5121A /* StoriesTableViewCell.swift in Sources */ = {isa = PBXBuildFile; fileRef = 0E0040222B83E33F00C5121A /* StoriesTableViewCell.swift */; };
		0E0040252B83F84B00C5121A /* UIFont+Extension.swift in Sources */ = {isa = PBXBuildFile; fileRef = 0E0040242B83F84B00C5121A /* UIFont+Extension.swift */; };
		0E125B812B856861003F6A07 /* UILabel+Extension.swift in Sources */ = {isa = PBXBuildFile; fileRef = 0E125B802B856861003F6A07 /* UILabel+Extension.swift */; };
		0E4EDDC02B8635C100508E72 /* ProfileViewController.swift in Sources */ = {isa = PBXBuildFile; fileRef = 0E4EDDBF2B8635C100508E72 /* ProfileViewController.swift */; };
		0EB24D812B8413D300E7842C /* Post.swift in Sources */ = {isa = PBXBuildFile; fileRef = 0EB24D802B8413D300E7842C /* Post.swift */; };
		0EB24D832B84150F00E7842C /* PostTableViewCell.swift in Sources */ = {isa = PBXBuildFile; fileRef = 0EB24D822B84150F00E7842C /* PostTableViewCell.swift */; };
		0EB28A1E2B7250A300C28C48 /* AppDelegate.swift in Sources */ = {isa = PBXBuildFile; fileRef = 0EB28A1D2B7250A300C28C48 /* AppDelegate.swift */; };
		0EB28A202B7250A300C28C48 /* SceneDelegate.swift in Sources */ = {isa = PBXBuildFile; fileRef = 0EB28A1F2B7250A300C28C48 /* SceneDelegate.swift */; };
		0EB28A272B7250A600C28C48 /* Assets.xcassets in Resources */ = {isa = PBXBuildFile; fileRef = 0EB28A262B7250A600C28C48 /* Assets.xcassets */; };
		0EB28A2A2B7250A600C28C48 /* LaunchScreen.storyboard in Resources */ = {isa = PBXBuildFile; fileRef = 0EB28A282B7250A600C28C48 /* LaunchScreen.storyboard */; };
		0ECFB7C72B8527E4003E258D /* Notification.swift in Sources */ = {isa = PBXBuildFile; fileRef = 0ECFB7C62B8527E4003E258D /* Notification.swift */; };
		0ECFB7C92B852FC3003E258D /* SubscribeTableViewCell.swift in Sources */ = {isa = PBXBuildFile; fileRef = 0ECFB7C82B852FC3003E258D /* SubscribeTableViewCell.swift */; };
		0ECFB7CB2B852FD0003E258D /* CommentPostTableViewCell.swift in Sources */ = {isa = PBXBuildFile; fileRef = 0ECFB7CA2B852FD0003E258D /* CommentPostTableViewCell.swift */; };
		0EE1BEEE2B86B55C0059F02B /* HeaderTableViewCell.swift in Sources */ = {isa = PBXBuildFile; fileRef = 0EE1BEED2B86B55C0059F02B /* HeaderTableViewCell.swift */; };
		0EE1BEF02B86D09B0059F02B /* ProfileStoriesTableViewCell.swift in Sources */ = {isa = PBXBuildFile; fileRef = 0EE1BEEF2B86D09B0059F02B /* ProfileStoriesTableViewCell.swift */; };
		0EE1BEF22B86D52A0059F02B /* ProfileStories.swift in Sources */ = {isa = PBXBuildFile; fileRef = 0EE1BEF12B86D52A0059F02B /* ProfileStories.swift */; };
		0EEABA942B84E0C00097588D /* Recommend.swift in Sources */ = {isa = PBXBuildFile; fileRef = 0EEABA932B84E0C00097588D /* Recommend.swift */; };
		0EEABA962B84E1350097588D /* RecommendTableViewCell.swift in Sources */ = {isa = PBXBuildFile; fileRef = 0EEABA952B84E1350097588D /* RecommendTableViewCell.swift */; };
/* End PBXBuildFile section */

/* Begin PBXFileReference section */
		0E00400F2B83761100C5121A /* Colors.xcassets */ = {isa = PBXFileReference; lastKnownFileType = folder.assetcatalog; path = Colors.xcassets; sourceTree = "<group>"; };
		0E0040122B837A3800C5121A /* Verdana-Bold.ttf */ = {isa = PBXFileReference; lastKnownFileType = file; path = "Verdana-Bold.ttf"; sourceTree = "<group>"; };
		0E0040132B837A3800C5121A /* Verdana-BoldItalic.ttf */ = {isa = PBXFileReference; lastKnownFileType = file; path = "Verdana-BoldItalic.ttf"; sourceTree = "<group>"; };
		0E0040142B837A3800C5121A /* Verdana.ttf */ = {isa = PBXFileReference; lastKnownFileType = file; path = Verdana.ttf; sourceTree = "<group>"; };
		0E0040152B837A3800C5121A /* Verdana-Italic.ttf */ = {isa = PBXFileReference; lastKnownFileType = file; path = "Verdana-Italic.ttf"; sourceTree = "<group>"; };
		0E00401A2B837BE500C5121A /* MainTabBarController.swift */ = {isa = PBXFileReference; lastKnownFileType = sourcecode.swift; path = MainTabBarController.swift; sourceTree = "<group>"; };
		0E00401C2B83815900C5121A /* FeedViewController.swift */ = {isa = PBXFileReference; lastKnownFileType = sourcecode.swift; path = FeedViewController.swift; sourceTree = "<group>"; };
		0E00401E2B83818400C5121A /* NotificationViewController.swift */ = {isa = PBXFileReference; lastKnownFileType = sourcecode.swift; path = NotificationViewController.swift; sourceTree = "<group>"; };
		0E0040202B83DCE400C5121A /* Stories.swift */ = {isa = PBXFileReference; lastKnownFileType = sourcecode.swift; path = Stories.swift; sourceTree = "<group>"; };
		0E0040222B83E33F00C5121A /* StoriesTableViewCell.swift */ = {isa = PBXFileReference; lastKnownFileType = sourcecode.swift; path = StoriesTableViewCell.swift; sourceTree = "<group>"; };
		0E0040242B83F84B00C5121A /* UIFont+Extension.swift */ = {isa = PBXFileReference; lastKnownFileType = sourcecode.swift; path = "UIFont+Extension.swift"; sourceTree = "<group>"; };
		0E125B802B856861003F6A07 /* UILabel+Extension.swift */ = {isa = PBXFileReference; lastKnownFileType = sourcecode.swift; path = "UILabel+Extension.swift"; sourceTree = "<group>"; };
		0E4EDDBF2B8635C100508E72 /* ProfileViewController.swift */ = {isa = PBXFileReference; lastKnownFileType = sourcecode.swift; path = ProfileViewController.swift; sourceTree = "<group>"; };
		0EB24D802B8413D300E7842C /* Post.swift */ = {isa = PBXFileReference; lastKnownFileType = sourcecode.swift; path = Post.swift; sourceTree = "<group>"; };
		0EB24D822B84150F00E7842C /* PostTableViewCell.swift */ = {isa = PBXFileReference; lastKnownFileType = sourcecode.swift; path = PostTableViewCell.swift; sourceTree = "<group>"; };
		0EB28A1A2B7250A300C28C48 /* UIKitTasks.app */ = {isa = PBXFileReference; explicitFileType = wrapper.application; includeInIndex = 0; path = UIKitTasks.app; sourceTree = BUILT_PRODUCTS_DIR; };
		0EB28A1D2B7250A300C28C48 /* AppDelegate.swift */ = {isa = PBXFileReference; lastKnownFileType = sourcecode.swift; path = AppDelegate.swift; sourceTree = "<group>"; };
		0EB28A1F2B7250A300C28C48 /* SceneDelegate.swift */ = {isa = PBXFileReference; lastKnownFileType = sourcecode.swift; path = SceneDelegate.swift; sourceTree = "<group>"; };
		0EB28A262B7250A600C28C48 /* Assets.xcassets */ = {isa = PBXFileReference; lastKnownFileType = folder.assetcatalog; path = Assets.xcassets; sourceTree = "<group>"; };
		0EB28A292B7250A600C28C48 /* Base */ = {isa = PBXFileReference; lastKnownFileType = file.storyboard; name = Base; path = Base.lproj/LaunchScreen.storyboard; sourceTree = "<group>"; };
		0EB28A2B2B7250A600C28C48 /* Info.plist */ = {isa = PBXFileReference; lastKnownFileType = text.plist.xml; path = Info.plist; sourceTree = "<group>"; };
		0ECFB7C62B8527E4003E258D /* Notification.swift */ = {isa = PBXFileReference; lastKnownFileType = sourcecode.swift; path = Notification.swift; sourceTree = "<group>"; };
		0ECFB7C82B852FC3003E258D /* SubscribeTableViewCell.swift */ = {isa = PBXFileReference; lastKnownFileType = sourcecode.swift; path = SubscribeTableViewCell.swift; sourceTree = "<group>"; };
		0ECFB7CA2B852FD0003E258D /* CommentPostTableViewCell.swift */ = {isa = PBXFileReference; lastKnownFileType = sourcecode.swift; path = CommentPostTableViewCell.swift; sourceTree = "<group>"; };
		0EE1BEED2B86B55C0059F02B /* HeaderTableViewCell.swift */ = {isa = PBXFileReference; lastKnownFileType = sourcecode.swift; path = HeaderTableViewCell.swift; sourceTree = "<group>"; };
		0EE1BEEF2B86D09B0059F02B /* ProfileStoriesTableViewCell.swift */ = {isa = PBXFileReference; lastKnownFileType = sourcecode.swift; path = ProfileStoriesTableViewCell.swift; sourceTree = "<group>"; };
		0EE1BEF12B86D52A0059F02B /* ProfileStories.swift */ = {isa = PBXFileReference; lastKnownFileType = sourcecode.swift; path = ProfileStories.swift; sourceTree = "<group>"; };
		0EEABA932B84E0C00097588D /* Recommend.swift */ = {isa = PBXFileReference; lastKnownFileType = sourcecode.swift; path = Recommend.swift; sourceTree = "<group>"; };
		0EEABA952B84E1350097588D /* RecommendTableViewCell.swift */ = {isa = PBXFileReference; lastKnownFileType = sourcecode.swift; path = RecommendTableViewCell.swift; sourceTree = "<group>"; };
/* End PBXFileReference section */

/* Begin PBXFrameworksBuildPhase section */
		0EB28A172B7250A300C28C48 /* Frameworks */ = {
			isa = PBXFrameworksBuildPhase;
			buildActionMask = 2147483647;
			files = (
			);
			runOnlyForDeploymentPostprocessing = 0;
		};
/* End PBXFrameworksBuildPhase section */

/* Begin PBXGroup section */
		0E0040112B83798F00C5121A /* Fonts */ = {
			isa = PBXGroup;
			children = (
				0E0040122B837A3800C5121A /* Verdana-Bold.ttf */,
				0E0040132B837A3800C5121A /* Verdana-BoldItalic.ttf */,
				0E0040152B837A3800C5121A /* Verdana-Italic.ttf */,
				0E0040142B837A3800C5121A /* Verdana.ttf */,
			);
			path = Fonts;
			sourceTree = "<group>";
		};
		0E4EDDBE2B86359300508E72 /* ProfileScreen */ = {
			isa = PBXGroup;
			children = (
				0E4EDDBF2B8635C100508E72 /* ProfileViewController.swift */,
				0EE1BEED2B86B55C0059F02B /* HeaderTableViewCell.swift */,
				0EE1BEEF2B86D09B0059F02B /* ProfileStoriesTableViewCell.swift */,
				0EE1BEF12B86D52A0059F02B /* ProfileStories.swift */,
			);
			path = ProfileScreen;
			sourceTree = "<group>";
		};
		0EB28A112B7250A300C28C48 = {
			isa = PBXGroup;
			children = (
				0EB28A1C2B7250A300C28C48 /* UIKitTasks */,
				0EB28A1B2B7250A300C28C48 /* Products */,
			);
			sourceTree = "<group>";
		};
		0EB28A1B2B7250A300C28C48 /* Products */ = {
			isa = PBXGroup;
			children = (
				0EB28A1A2B7250A300C28C48 /* UIKitTasks.app */,
			);
			name = Products;
			sourceTree = "<group>";
		};
		0EB28A1C2B7250A300C28C48 /* UIKitTasks */ = {
			isa = PBXGroup;
			children = (
				0E4EDDBE2B86359300508E72 /* ProfileScreen */,
				0EB28A1D2B7250A300C28C48 /* AppDelegate.swift */,
				0EB28A1F2B7250A300C28C48 /* SceneDelegate.swift */,
				0E00401A2B837BE500C5121A /* MainTabBarController.swift */,
				0ECFB7C22B84FE7C003E258D /* FeedScreen */,
				0ECFB7CC2B853041003E258D /* NotificationScreen */,
				0ECFB7C52B84FEB4003E258D /* Extensions */,
				0E0040112B83798F00C5121A /* Fonts */,
				0EB28A262B7250A600C28C48 /* Assets.xcassets */,
				0E00400F2B83761100C5121A /* Colors.xcassets */,
				0EB28A282B7250A600C28C48 /* LaunchScreen.storyboard */,
				0EB28A2B2B7250A600C28C48 /* Info.plist */,
			);
			path = UIKitTasks;
			sourceTree = "<group>";
		};
		0ECFB7C22B84FE7C003E258D /* FeedScreen */ = {
			isa = PBXGroup;
			children = (
				0E00401C2B83815900C5121A /* FeedViewController.swift */,
				0ECFB7C42B84FEA5003E258D /* Models */,
				0ECFB7C32B84FE96003E258D /* Cells */,
			);
			path = FeedScreen;
			sourceTree = "<group>";
		};
		0ECFB7C32B84FE96003E258D /* Cells */ = {
			isa = PBXGroup;
			children = (
				0EEABA952B84E1350097588D /* RecommendTableViewCell.swift */,
				0E0040222B83E33F00C5121A /* StoriesTableViewCell.swift */,
				0EB24D822B84150F00E7842C /* PostTableViewCell.swift */,
			);
			path = Cells;
			sourceTree = "<group>";
		};
		0ECFB7C42B84FEA5003E258D /* Models */ = {
			isa = PBXGroup;
			children = (
				0E0040202B83DCE400C5121A /* Stories.swift */,
				0EEABA932B84E0C00097588D /* Recommend.swift */,
				0EB24D802B8413D300E7842C /* Post.swift */,
			);
			path = Models;
			sourceTree = "<group>";
		};
		0ECFB7C52B84FEB4003E258D /* Extensions */ = {
			isa = PBXGroup;
			children = (
				0E0040242B83F84B00C5121A /* UIFont+Extension.swift */,
				0E125B802B856861003F6A07 /* UILabel+Extension.swift */,
			);
			path = Extensions;
			sourceTree = "<group>";
		};
		0ECFB7CC2B853041003E258D /* NotificationScreen */ = {
			isa = PBXGroup;
			children = (
				0E00401E2B83818400C5121A /* NotificationViewController.swift */,
				0ECFB7CE2B853065003E258D /* Models */,
				0ECFB7CD2B853058003E258D /* Cells */,
			);
			path = NotificationScreen;
			sourceTree = "<group>";
		};
		0ECFB7CD2B853058003E258D /* Cells */ = {
			isa = PBXGroup;
			children = (
				0ECFB7C82B852FC3003E258D /* SubscribeTableViewCell.swift */,
				0ECFB7CA2B852FD0003E258D /* CommentPostTableViewCell.swift */,
			);
			path = Cells;
			sourceTree = "<group>";
		};
		0ECFB7CE2B853065003E258D /* Models */ = {
			isa = PBXGroup;
			children = (
				0ECFB7C62B8527E4003E258D /* Notification.swift */,
			);
			path = Models;
			sourceTree = "<group>";
		};
/* End PBXGroup section */

/* Begin PBXNativeTarget section */
		0EB28A192B7250A300C28C48 /* UIKitTasks */ = {
			isa = PBXNativeTarget;
			buildConfigurationList = 0EB28A2E2B7250A600C28C48 /* Build configuration list for PBXNativeTarget "UIKitTasks" */;
			buildPhases = (
				0EB28A162B7250A300C28C48 /* Sources */,
				0EB28A172B7250A300C28C48 /* Frameworks */,
				0EB28A182B7250A300C28C48 /* Resources */,
				0EB28A322B7252EA00C28C48 /* SwiftFormatter */,
				0EB28A312B7250FA00C28C48 /* SwiftLint */,
			);
			buildRules = (
			);
			dependencies = (
			);
			name = UIKitTasks;
			productName = UIKitTasks;
			productReference = 0EB28A1A2B7250A300C28C48 /* UIKitTasks.app */;
			productType = "com.apple.product-type.application";
		};
/* End PBXNativeTarget section */

/* Begin PBXProject section */
		0EB28A122B7250A300C28C48 /* Project object */ = {
			isa = PBXProject;
			attributes = {
				BuildIndependentTargetsInParallel = 1;
				LastSwiftUpdateCheck = 1520;
				LastUpgradeCheck = 1520;
				TargetAttributes = {
					0EB28A192B7250A300C28C48 = {
						CreatedOnToolsVersion = 15.2;
					};
				};
			};
			buildConfigurationList = 0EB28A152B7250A300C28C48 /* Build configuration list for PBXProject "UIKitTasks" */;
			compatibilityVersion = "Xcode 14.0";
			developmentRegion = en;
			hasScannedForEncodings = 0;
			knownRegions = (
				en,
				Base,
			);
			mainGroup = 0EB28A112B7250A300C28C48;
			productRefGroup = 0EB28A1B2B7250A300C28C48 /* Products */;
			projectDirPath = "";
			projectRoot = "";
			targets = (
				0EB28A192B7250A300C28C48 /* UIKitTasks */,
			);
		};
/* End PBXProject section */

/* Begin PBXResourcesBuildPhase section */
		0EB28A182B7250A300C28C48 /* Resources */ = {
			isa = PBXResourcesBuildPhase;
			buildActionMask = 2147483647;
			files = (
				0E0040192B837A3900C5121A /* Verdana-Italic.ttf in Resources */,
				0E0040102B83761100C5121A /* Colors.xcassets in Resources */,
				0EB28A2A2B7250A600C28C48 /* LaunchScreen.storyboard in Resources */,
				0E0040182B837A3900C5121A /* Verdana.ttf in Resources */,
				0E0040172B837A3900C5121A /* Verdana-BoldItalic.ttf in Resources */,
				0EB28A272B7250A600C28C48 /* Assets.xcassets in Resources */,
				0E0040162B837A3900C5121A /* Verdana-Bold.ttf in Resources */,
			);
			runOnlyForDeploymentPostprocessing = 0;
		};
/* End PBXResourcesBuildPhase section */

/* Begin PBXShellScriptBuildPhase section */
		0EB28A312B7250FA00C28C48 /* SwiftLint */ = {
			isa = PBXShellScriptBuildPhase;
			alwaysOutOfDate = 1;
			buildActionMask = 2147483647;
			files = (
			);
			inputFileListPaths = (
			);
			inputPaths = (
			);
			name = SwiftLint;
			outputFileListPaths = (
			);
			outputPaths = (
			);
			runOnlyForDeploymentPostprocessing = 0;
			shellPath = /bin/sh;
			shellScript = "if [[ \"$(uname -m)\" == arm64 ]]; then\n    export PATH=\"/opt/homebrew/bin:$PATH\"\nfi\n\nif which swiftlint > /dev/null; then\n  swiftlint\nelse\n  echo \"warning: SwiftLint not installed, download from https://github.com/realm/SwiftLint\"\nfi\n";
			showEnvVarsInLog = 0;
		};
		0EB28A322B7252EA00C28C48 /* SwiftFormatter */ = {
			isa = PBXShellScriptBuildPhase;
			alwaysOutOfDate = 1;
			buildActionMask = 2147483647;
			files = (
			);
			inputFileListPaths = (
			);
			inputPaths = (
			);
			name = SwiftFormatter;
			outputFileListPaths = (
			);
			outputPaths = (
			);
			runOnlyForDeploymentPostprocessing = 0;
			shellPath = /bin/sh;
			shellScript = "if which swiftformat >/dev/null; then\n  swiftformat .\nelse\n  echo \"warning: SwiftFormat not installed, download from https://github.com/nicklockwood/SwiftFormat\"\nfi\n";
			showEnvVarsInLog = 0;
		};
/* End PBXShellScriptBuildPhase section */

/* Begin PBXSourcesBuildPhase section */
		0EB28A162B7250A300C28C48 /* Sources */ = {
			isa = PBXSourcesBuildPhase;
			buildActionMask = 2147483647;
			files = (
				0E00401F2B83818400C5121A /* NotificationViewController.swift in Sources */,
				0EEABA942B84E0C00097588D /* Recommend.swift in Sources */,
				0EB28A1E2B7250A300C28C48 /* AppDelegate.swift in Sources */,
				0EB28A202B7250A300C28C48 /* SceneDelegate.swift in Sources */,
				0ECFB7C92B852FC3003E258D /* SubscribeTableViewCell.swift in Sources */,
				0EE1BEF22B86D52A0059F02B /* ProfileStories.swift in Sources */,
				0E0040212B83DCE400C5121A /* Stories.swift in Sources */,
				0E00401D2B83815900C5121A /* FeedViewController.swift in Sources */,
				0E4EDDC02B8635C100508E72 /* ProfileViewController.swift in Sources */,
				0E00401B2B837BE500C5121A /* MainTabBarController.swift in Sources */,
				0E125B812B856861003F6A07 /* UILabel+Extension.swift in Sources */,
				0EE1BEEE2B86B55C0059F02B /* HeaderTableViewCell.swift in Sources */,
				0ECFB7C72B8527E4003E258D /* Notification.swift in Sources */,
				0EB24D812B8413D300E7842C /* Post.swift in Sources */,
				0EE1BEF02B86D09B0059F02B /* ProfileStoriesTableViewCell.swift in Sources */,
				0EEABA962B84E1350097588D /* RecommendTableViewCell.swift in Sources */,
				0EB24D832B84150F00E7842C /* PostTableViewCell.swift in Sources */,
				0ECFB7CB2B852FD0003E258D /* CommentPostTableViewCell.swift in Sources */,
				0E0040252B83F84B00C5121A /* UIFont+Extension.swift in Sources */,
				0E0040232B83E33F00C5121A /* StoriesTableViewCell.swift in Sources */,
			);
			runOnlyForDeploymentPostprocessing = 0;
		};
/* End PBXSourcesBuildPhase section */

/* Begin PBXVariantGroup section */
		0EB28A282B7250A600C28C48 /* LaunchScreen.storyboard */ = {
			isa = PBXVariantGroup;
			children = (
				0EB28A292B7250A600C28C48 /* Base */,
			);
			name = LaunchScreen.storyboard;
			sourceTree = "<group>";
		};
/* End PBXVariantGroup section */

/* Begin XCBuildConfiguration section */
		0EB28A2C2B7250A600C28C48 /* Debug */ = {
			isa = XCBuildConfiguration;
			buildSettings = {
				ALWAYS_SEARCH_USER_PATHS = NO;
				ASSETCATALOG_COMPILER_GENERATE_SWIFT_ASSET_SYMBOL_EXTENSIONS = YES;
				CLANG_ANALYZER_NONNULL = YES;
				CLANG_ANALYZER_NUMBER_OBJECT_CONVERSION = YES_AGGRESSIVE;
				CLANG_CXX_LANGUAGE_STANDARD = "gnu++20";
				CLANG_ENABLE_MODULES = YES;
				CLANG_ENABLE_OBJC_ARC = YES;
				CLANG_ENABLE_OBJC_WEAK = YES;
				CLANG_WARN_BLOCK_CAPTURE_AUTORELEASING = YES;
				CLANG_WARN_BOOL_CONVERSION = YES;
				CLANG_WARN_COMMA = YES;
				CLANG_WARN_CONSTANT_CONVERSION = YES;
				CLANG_WARN_DEPRECATED_OBJC_IMPLEMENTATIONS = YES;
				CLANG_WARN_DIRECT_OBJC_ISA_USAGE = YES_ERROR;
				CLANG_WARN_DOCUMENTATION_COMMENTS = YES;
				CLANG_WARN_EMPTY_BODY = YES;
				CLANG_WARN_ENUM_CONVERSION = YES;
				CLANG_WARN_INFINITE_RECURSION = YES;
				CLANG_WARN_INT_CONVERSION = YES;
				CLANG_WARN_NON_LITERAL_NULL_CONVERSION = YES;
				CLANG_WARN_OBJC_IMPLICIT_RETAIN_SELF = YES;
				CLANG_WARN_OBJC_LITERAL_CONVERSION = YES;
				CLANG_WARN_OBJC_ROOT_CLASS = YES_ERROR;
				CLANG_WARN_QUOTED_INCLUDE_IN_FRAMEWORK_HEADER = YES;
				CLANG_WARN_RANGE_LOOP_ANALYSIS = YES;
				CLANG_WARN_STRICT_PROTOTYPES = YES;
				CLANG_WARN_SUSPICIOUS_MOVE = YES;
				CLANG_WARN_UNGUARDED_AVAILABILITY = YES_AGGRESSIVE;
				CLANG_WARN_UNREACHABLE_CODE = YES;
				CLANG_WARN__DUPLICATE_METHOD_MATCH = YES;
				COPY_PHASE_STRIP = NO;
				DEBUG_INFORMATION_FORMAT = dwarf;
				ENABLE_STRICT_OBJC_MSGSEND = YES;
				ENABLE_TESTABILITY = YES;
				ENABLE_USER_SCRIPT_SANDBOXING = NO;
				GCC_C_LANGUAGE_STANDARD = gnu17;
				GCC_DYNAMIC_NO_PIC = NO;
				GCC_NO_COMMON_BLOCKS = YES;
				GCC_OPTIMIZATION_LEVEL = 0;
				GCC_PREPROCESSOR_DEFINITIONS = (
					"DEBUG=1",
					"$(inherited)",
				);
				GCC_WARN_64_TO_32_BIT_CONVERSION = YES;
				GCC_WARN_ABOUT_RETURN_TYPE = YES_ERROR;
				GCC_WARN_UNDECLARED_SELECTOR = YES;
				GCC_WARN_UNINITIALIZED_AUTOS = YES_AGGRESSIVE;
				GCC_WARN_UNUSED_FUNCTION = YES;
				GCC_WARN_UNUSED_VARIABLE = YES;
				IPHONEOS_DEPLOYMENT_TARGET = 17.2;
				LOCALIZATION_PREFERS_STRING_CATALOGS = YES;
				MTL_ENABLE_DEBUG_INFO = INCLUDE_SOURCE;
				MTL_FAST_MATH = YES;
				ONLY_ACTIVE_ARCH = YES;
				SDKROOT = iphoneos;
				SWIFT_ACTIVE_COMPILATION_CONDITIONS = "DEBUG $(inherited)";
				SWIFT_OPTIMIZATION_LEVEL = "-Onone";
			};
			name = Debug;
		};
		0EB28A2D2B7250A600C28C48 /* Release */ = {
			isa = XCBuildConfiguration;
			buildSettings = {
				ALWAYS_SEARCH_USER_PATHS = NO;
				ASSETCATALOG_COMPILER_GENERATE_SWIFT_ASSET_SYMBOL_EXTENSIONS = YES;
				CLANG_ANALYZER_NONNULL = YES;
				CLANG_ANALYZER_NUMBER_OBJECT_CONVERSION = YES_AGGRESSIVE;
				CLANG_CXX_LANGUAGE_STANDARD = "gnu++20";
				CLANG_ENABLE_MODULES = YES;
				CLANG_ENABLE_OBJC_ARC = YES;
				CLANG_ENABLE_OBJC_WEAK = YES;
				CLANG_WARN_BLOCK_CAPTURE_AUTORELEASING = YES;
				CLANG_WARN_BOOL_CONVERSION = YES;
				CLANG_WARN_COMMA = YES;
				CLANG_WARN_CONSTANT_CONVERSION = YES;
				CLANG_WARN_DEPRECATED_OBJC_IMPLEMENTATIONS = YES;
				CLANG_WARN_DIRECT_OBJC_ISA_USAGE = YES_ERROR;
				CLANG_WARN_DOCUMENTATION_COMMENTS = YES;
				CLANG_WARN_EMPTY_BODY = YES;
				CLANG_WARN_ENUM_CONVERSION = YES;
				CLANG_WARN_INFINITE_RECURSION = YES;
				CLANG_WARN_INT_CONVERSION = YES;
				CLANG_WARN_NON_LITERAL_NULL_CONVERSION = YES;
				CLANG_WARN_OBJC_IMPLICIT_RETAIN_SELF = YES;
				CLANG_WARN_OBJC_LITERAL_CONVERSION = YES;
				CLANG_WARN_OBJC_ROOT_CLASS = YES_ERROR;
				CLANG_WARN_QUOTED_INCLUDE_IN_FRAMEWORK_HEADER = YES;
				CLANG_WARN_RANGE_LOOP_ANALYSIS = YES;
				CLANG_WARN_STRICT_PROTOTYPES = YES;
				CLANG_WARN_SUSPICIOUS_MOVE = YES;
				CLANG_WARN_UNGUARDED_AVAILABILITY = YES_AGGRESSIVE;
				CLANG_WARN_UNREACHABLE_CODE = YES;
				CLANG_WARN__DUPLICATE_METHOD_MATCH = YES;
				COPY_PHASE_STRIP = NO;
				DEBUG_INFORMATION_FORMAT = "dwarf-with-dsym";
				ENABLE_NS_ASSERTIONS = NO;
				ENABLE_STRICT_OBJC_MSGSEND = YES;
				ENABLE_USER_SCRIPT_SANDBOXING = NO;
				GCC_C_LANGUAGE_STANDARD = gnu17;
				GCC_NO_COMMON_BLOCKS = YES;
				GCC_WARN_64_TO_32_BIT_CONVERSION = YES;
				GCC_WARN_ABOUT_RETURN_TYPE = YES_ERROR;
				GCC_WARN_UNDECLARED_SELECTOR = YES;
				GCC_WARN_UNINITIALIZED_AUTOS = YES_AGGRESSIVE;
				GCC_WARN_UNUSED_FUNCTION = YES;
				GCC_WARN_UNUSED_VARIABLE = YES;
				IPHONEOS_DEPLOYMENT_TARGET = 17.2;
				LOCALIZATION_PREFERS_STRING_CATALOGS = YES;
				MTL_ENABLE_DEBUG_INFO = NO;
				MTL_FAST_MATH = YES;
				SDKROOT = iphoneos;
				SWIFT_COMPILATION_MODE = wholemodule;
				VALIDATE_PRODUCT = YES;
			};
			name = Release;
		};
		0EB28A2F2B7250A600C28C48 /* Debug */ = {
			isa = XCBuildConfiguration;
			buildSettings = {
				ASSETCATALOG_COMPILER_APPICON_NAME = AppIcon;
				ASSETCATALOG_COMPILER_GLOBAL_ACCENT_COLOR_NAME = AccentColor;
				CODE_SIGN_STYLE = Automatic;
				CURRENT_PROJECT_VERSION = 1;
				DEVELOPMENT_TEAM = N9RAM2SA6H;
				ENABLE_USER_SCRIPT_SANDBOXING = NO;
				GENERATE_INFOPLIST_FILE = YES;
				INFOPLIST_FILE = UIKitTasks/Info.plist;
				INFOPLIST_KEY_UIApplicationSupportsIndirectInputEvents = YES;
				INFOPLIST_KEY_UILaunchStoryboardName = LaunchScreen;
				INFOPLIST_KEY_UISupportedInterfaceOrientations_iPad = "UIInterfaceOrientationPortrait UIInterfaceOrientationPortraitUpsideDown UIInterfaceOrientationLandscapeLeft UIInterfaceOrientationLandscapeRight";
				INFOPLIST_KEY_UISupportedInterfaceOrientations_iPhone = "UIInterfaceOrientationPortrait UIInterfaceOrientationLandscapeLeft UIInterfaceOrientationLandscapeRight";
				LD_RUNPATH_SEARCH_PATHS = (
					"$(inherited)",
					"@executable_path/Frameworks",
				);
				MARKETING_VERSION = 1.0;
				PRODUCT_BUNDLE_IDENTIFIER = com.dimapaull.UIKitTasks;
				PRODUCT_NAME = "$(TARGET_NAME)";
				SWIFT_EMIT_LOC_STRINGS = YES;
				SWIFT_VERSION = 5.0;
				TARGETED_DEVICE_FAMILY = "1,2";
			};
			name = Debug;
		};
		0EB28A302B7250A600C28C48 /* Release */ = {
			isa = XCBuildConfiguration;
			buildSettings = {
				ASSETCATALOG_COMPILER_APPICON_NAME = AppIcon;
				ASSETCATALOG_COMPILER_GLOBAL_ACCENT_COLOR_NAME = AccentColor;
				CODE_SIGN_STYLE = Automatic;
				CURRENT_PROJECT_VERSION = 1;
				DEVELOPMENT_TEAM = N9RAM2SA6H;
				ENABLE_USER_SCRIPT_SANDBOXING = NO;
				GENERATE_INFOPLIST_FILE = YES;
				INFOPLIST_FILE = UIKitTasks/Info.plist;
				INFOPLIST_KEY_UIApplicationSupportsIndirectInputEvents = YES;
				INFOPLIST_KEY_UILaunchStoryboardName = LaunchScreen;
				INFOPLIST_KEY_UISupportedInterfaceOrientations_iPad = "UIInterfaceOrientationPortrait UIInterfaceOrientationPortraitUpsideDown UIInterfaceOrientationLandscapeLeft UIInterfaceOrientationLandscapeRight";
				INFOPLIST_KEY_UISupportedInterfaceOrientations_iPhone = "UIInterfaceOrientationPortrait UIInterfaceOrientationLandscapeLeft UIInterfaceOrientationLandscapeRight";
				LD_RUNPATH_SEARCH_PATHS = (
					"$(inherited)",
					"@executable_path/Frameworks",
				);
				MARKETING_VERSION = 1.0;
				PRODUCT_BUNDLE_IDENTIFIER = com.dimapaull.UIKitTasks;
				PRODUCT_NAME = "$(TARGET_NAME)";
				SWIFT_EMIT_LOC_STRINGS = YES;
				SWIFT_VERSION = 5.0;
				TARGETED_DEVICE_FAMILY = "1,2";
			};
			name = Release;
		};
/* End XCBuildConfiguration section */

/* Begin XCConfigurationList section */
		0EB28A152B7250A300C28C48 /* Build configuration list for PBXProject "UIKitTasks" */ = {
			isa = XCConfigurationList;
			buildConfigurations = (
				0EB28A2C2B7250A600C28C48 /* Debug */,
				0EB28A2D2B7250A600C28C48 /* Release */,
			);
			defaultConfigurationIsVisible = 0;
			defaultConfigurationName = Release;
		};
		0EB28A2E2B7250A600C28C48 /* Build configuration list for PBXNativeTarget "UIKitTasks" */ = {
			isa = XCConfigurationList;
			buildConfigurations = (
				0EB28A2F2B7250A600C28C48 /* Debug */,
				0EB28A302B7250A600C28C48 /* Release */,
			);
			defaultConfigurationIsVisible = 0;
			defaultConfigurationName = Release;
		};
/* End XCConfigurationList section */
	};
	rootObject = 0EB28A122B7250A300C28C48 /* Project object */;
}
